
Microsoft Visual Studio Solution File, Format Version 12.00
# Visual Studio Version 16
VisualStudioVersion = 16.0.31205.134
MinimumVisualStudioVersion = 10.0.40219.1
Project("{FAE04EC0-301F-11D3-BF4B-00C04F79EFBC}") = "MVCAppAssignment2", "MVCAppAssignment2\MVCAppAssignment2.csproj", "{A154F9C3-CD76-4AA0-AF04-AA8E25DCFFA0}"
EndProject
Global
	GlobalSection(SolutionConfigurationPlatforms) = preSolution
		Debug|Any CPU = Debug|Any CPU
		Release|Any CPU = Release|Any CPU
	EndGlobalSection
	GlobalSection(ProjectConfigurationPlatforms) = postSolution
		{A154F9C3-CD76-4AA0-AF04-AA8E25DCFFA0}.Debug|Any CPU.ActiveCfg = Debug|Any CPU
		{A154F9C3-CD76-4AA0-AF04-AA8E25DCFFA0}.Debug|Any CPU.Build.0 = Debug|Any CPU
		{A154F9C3-CD76-4AA0-AF04-AA8E25DCFFA0}.Release|Any CPU.ActiveCfg = Release|Any CPU
		{A154F9C3-CD76-4AA0-AF04-AA8E25DCFFA0}.Release|Any CPU.Build.0 = Release|Any CPU
	EndGlobalSection
	GlobalSection(SolutionProperties) = preSolution
		HideSolutionNode = FALSE
	EndGlobalSection
	GlobalSection(ExtensibilityGlobals) = postSolution
		SolutionGuid = {9EDB8655-0E23-413F-B44E-5295BB5F3A37}
	EndGlobalSection
EndGlobal
